{
  "name": "s3_life_cycle_rules_auditor",
  "version": "0.1.0",
  "lockfileVersion": 1,
  "requires": true,
  "dependencies": {
    "@aws-cdk/assets": {
      "version": "1.115.0",
      "resolved": "https://registry.npmjs.org/@aws-cdk/assets/-/assets-1.115.0.tgz",
      "integrity": "sha512-bZlT7EU7qDKqCO5QSYRnBHS4QWFpCwBuXpuxtKj0dAkoMYghhp/d2N6vJbvdeYJp171dfmEZvGYcGM1eyI9xkg==",
      "requires": {
        "@aws-cdk/core": "1.115.0",
        "@aws-cdk/cx-api": "1.115.0",
        "constructs": "^3.3.69"
      }
    },
    "@aws-cdk/aws-applicationautoscaling": {
      "version": "1.115.0",
      "resolved": "https://registry.npmjs.org/@aws-cdk/aws-applicationautoscaling/-/aws-applicationautoscaling-1.115.0.tgz",
      "integrity": "sha512-s/n0cUpmabM3RAJ86S4EEJgmA1fkGhH/ntMJfgUwhDZyJsa1WUfWxVVxt+ZCjJ7fNl6ZveZHqlsLCnsbSf9Ogg==",
      "requires": {
        "@aws-cdk/aws-autoscaling-common": "1.115.0",
        "@aws-cdk/aws-cloudwatch": "1.115.0",
        "@aws-cdk/aws-iam": "1.115.0",
        "@aws-cdk/core": "1.115.0",
        "constructs": "^3.3.69"
      }
    },
    "@aws-cdk/aws-autoscaling-common": {
      "version": "1.115.0",
      "resolved": "https://registry.npmjs.org/@aws-cdk/aws-autoscaling-common/-/aws-autoscaling-common-1.115.0.tgz",
      "integrity": "sha512-5L/DgfqHfX4Vwa2g42vxA0ZNxuwtIEnjxX3R+tZkppvvZYrKJIFAkjbD21x6eXv3N6Kckmd8+fdQCV8N4p7Hug==",
      "requires": {
        "@aws-cdk/aws-iam": "1.115.0",
        "@aws-cdk/core": "1.115.0",
        "constructs": "^3.3.69"
      }
    },
    "@aws-cdk/aws-cloudwatch": {
      "version": "1.115.0",
      "resolved": "https://registry.npmjs.org/@aws-cdk/aws-cloudwatch/-/aws-cloudwatch-1.115.0.tgz",
      "integrity": "sha512-HmlwnQ76/z/ka4S5Jwm+KXHGp4FAB9rcE3G0l2pP71lYGn4XH2Z66jUZb/U2yixCCwx1oLYZZtcU4d4FRGaI5A==",
      "requires": {
        "@aws-cdk/aws-iam": "1.115.0",
        "@aws-cdk/core": "1.115.0",
        "constructs": "^3.3.69"
      }
    },
    "@aws-cdk/aws-codeguruprofiler": {
      "version": "1.115.0",
      "resolved": "https://registry.npmjs.org/@aws-cdk/aws-codeguruprofiler/-/aws-codeguruprofiler-1.115.0.tgz",
      "integrity": "sha512-SZ2Y22+nquOdqQCXUdTvEeArwhF08Bw8+IzCujl/lghmntbCOiiE0uMtzEzEAt9TJW6T75q1aUmd1b9+1Xh+dA==",
      "requires": {
        "@aws-cdk/aws-iam": "1.115.0",
        "@aws-cdk/core": "1.115.0",
        "constructs": "^3.3.69"
      }
    },
    "@aws-cdk/aws-codestarnotifications": {
      "version": "1.115.0",
      "resolved": "https://registry.npmjs.org/@aws-cdk/aws-codestarnotifications/-/aws-codestarnotifications-1.115.0.tgz",
      "integrity": "sha512-qR31jrDEkwI74HMAy0mHDgVTxS9zYbZEWAm2qAs/4rtymOTDsT849doV2MEb3Pl1/nLzYfffQWAHwfVQ7gPzig==",
      "requires": {
        "@aws-cdk/core": "1.115.0",
        "constructs": "^3.3.69"
      }
    },
    "@aws-cdk/aws-ec2": {
      "version": "1.115.0",
      "resolved": "https://registry.npmjs.org/@aws-cdk/aws-ec2/-/aws-ec2-1.115.0.tgz",
      "integrity": "sha512-u/UkleFEbzxJzjpu1w5z0gj1cu3+w3yAMaqfR/D9etHsyF4uTtkshuiETmGrBVAdOddaUFQWB3i1wjwfcvyxsg==",
      "requires": {
        "@aws-cdk/aws-cloudwatch": "1.115.0",
        "@aws-cdk/aws-iam": "1.115.0",
        "@aws-cdk/aws-kms": "1.115.0",
        "@aws-cdk/aws-logs": "1.115.0",
        "@aws-cdk/aws-s3": "1.115.0",
        "@aws-cdk/aws-s3-assets": "1.115.0",
        "@aws-cdk/aws-ssm": "1.115.0",
        "@aws-cdk/cloud-assembly-schema": "1.115.0",
        "@aws-cdk/core": "1.115.0",
        "@aws-cdk/cx-api": "1.115.0",
        "@aws-cdk/region-info": "1.115.0",
        "constructs": "^3.3.69"
      }
    },
    "@aws-cdk/aws-ecr": {
      "version": "1.115.0",
      "resolved": "https://registry.npmjs.org/@aws-cdk/aws-ecr/-/aws-ecr-1.115.0.tgz",
      "integrity": "sha512-vS2P3y8ArlCY6id1G8i9V6CuRorR+G3VMAUDCqkLc5C35OjtiKD9iY7S6zH/eaX+kDpsd71A1IZ/Qw2dmUGdWw==",
      "requires": {
        "@aws-cdk/aws-events": "1.115.0",
        "@aws-cdk/aws-iam": "1.115.0",
        "@aws-cdk/core": "1.115.0",
        "constructs": "^3.3.69"
      }
    },
    "@aws-cdk/aws-ecr-assets": {
      "version": "1.115.0",
      "resolved": "https://registry.npmjs.org/@aws-cdk/aws-ecr-assets/-/aws-ecr-assets-1.115.0.tgz",
      "integrity": "sha512-WmQVWyS5DDS0I8A+LCk86MKEmxji30ocbq+JNeusTwFkIsVL0gaW1AgtCS98GDifjUNxdSU7MgkcCBTCAGRl4A==",
      "requires": {
        "@aws-cdk/assets": "1.115.0",
        "@aws-cdk/aws-ecr": "1.115.0",
        "@aws-cdk/aws-iam": "1.115.0",
        "@aws-cdk/aws-s3": "1.115.0",
        "@aws-cdk/core": "1.115.0",
        "@aws-cdk/cx-api": "1.115.0",
        "constructs": "^3.3.69",
        "minimatch": "^3.0.4"
      },
      "dependencies": {
        "balanced-match": {
          "version": "1.0.2",
          "bundled": true
        },
        "brace-expansion": {
          "version": "1.1.11",
          "bundled": true,
          "requires": {
            "balanced-match": "^1.0.0",
            "concat-map": "0.0.1"
          }
        },
        "concat-map": {
          "version": "0.0.1",
          "bundled": true
        },
        "minimatch": {
          "version": "3.0.4",
          "bundled": true,
          "requires": {
            "brace-expansion": "^1.1.7"
          }
        }
      }
    },
    "@aws-cdk/aws-efs": {
      "version": "1.115.0",
      "resolved": "https://registry.npmjs.org/@aws-cdk/aws-efs/-/aws-efs-1.115.0.tgz",
      "integrity": "sha512-EK/wO9hM3mcSbmmsHxEPX66sblNebQzQ3jpx8Glzn/LYWgNDbMhWvfe+/8WWRhNp5o+0TgmVFOwgYGDtygytgQ==",
      "requires": {
        "@aws-cdk/aws-ec2": "1.115.0",
        "@aws-cdk/aws-iam": "1.115.0",
        "@aws-cdk/aws-kms": "1.115.0",
        "@aws-cdk/cloud-assembly-schema": "1.115.0",
        "@aws-cdk/core": "1.115.0",
        "@aws-cdk/cx-api": "1.115.0",
        "constructs": "^3.3.69"
      }
    },
    "@aws-cdk/aws-events": {
      "version": "1.115.0",
      "resolved": "https://registry.npmjs.org/@aws-cdk/aws-events/-/aws-events-1.115.0.tgz",
      "integrity": "sha512-fpEjk2PAmZk9Kc5lGMbjeWGDVUO4FreKEcoKCgvTQA89eBB16QBK+psdf9nOa5uEj4obOvQ1VENPc3LByyOslA==",
      "requires": {
        "@aws-cdk/aws-iam": "1.115.0",
        "@aws-cdk/core": "1.115.0",
        "constructs": "^3.3.69"
      }
    },
    "@aws-cdk/aws-iam": {
      "version": "1.115.0",
      "resolved": "https://registry.npmjs.org/@aws-cdk/aws-iam/-/aws-iam-1.115.0.tgz",
      "integrity": "sha512-NvY2kBe/iepCOWhKI4h31kxqjjN0+jtb1R4zH6GPH2qC0X/+ZaxP1OBOsO3yHluTtsFf/h4SdYjz9ukVTzEm8w==",
      "requires": {
        "@aws-cdk/core": "1.115.0",
        "@aws-cdk/region-info": "1.115.0",
        "constructs": "^3.3.69"
      }
    },
    "@aws-cdk/aws-kms": {
      "version": "1.115.0",
      "resolved": "https://registry.npmjs.org/@aws-cdk/aws-kms/-/aws-kms-1.115.0.tgz",
      "integrity": "sha512-aaiXYlNKGfB2UpyoBWm1iyahULowfnwBPYUrDKT79VMaHZXF+znVPnRd/qWnmBSy0ta3igdTRIk7V0lvOMsyjg==",
      "requires": {
        "@aws-cdk/aws-iam": "1.115.0",
        "@aws-cdk/core": "1.115.0",
        "@aws-cdk/cx-api": "1.115.0",
        "constructs": "^3.3.69"
      }
    },
    "@aws-cdk/aws-lambda": {
      "version": "1.115.0",
      "resolved": "https://registry.npmjs.org/@aws-cdk/aws-lambda/-/aws-lambda-1.115.0.tgz",
      "integrity": "sha512-K+emBDwQCbh/B8aSkE8M5MC5bkTEXOYPbR5TaD2dWE7DpHaNJ4eSF5CG2s+DjvRUg3FCC3h7qL56WEqFDjsyAg==",
      "requires": {
        "@aws-cdk/aws-applicationautoscaling": "1.115.0",
        "@aws-cdk/aws-cloudwatch": "1.115.0",
        "@aws-cdk/aws-codeguruprofiler": "1.115.0",
        "@aws-cdk/aws-ec2": "1.115.0",
        "@aws-cdk/aws-ecr": "1.115.0",
        "@aws-cdk/aws-ecr-assets": "1.115.0",
        "@aws-cdk/aws-efs": "1.115.0",
        "@aws-cdk/aws-events": "1.115.0",
        "@aws-cdk/aws-iam": "1.115.0",
        "@aws-cdk/aws-kms": "1.115.0",
        "@aws-cdk/aws-logs": "1.115.0",
        "@aws-cdk/aws-s3": "1.115.0",
        "@aws-cdk/aws-s3-assets": "1.115.0",
        "@aws-cdk/aws-signer": "1.115.0",
        "@aws-cdk/aws-sqs": "1.115.0",
        "@aws-cdk/core": "1.115.0",
        "@aws-cdk/cx-api": "1.115.0",
        "constructs": "^3.3.69"
      }
    },
    "@aws-cdk/aws-logs": {
      "version": "1.115.0",
      "resolved": "https://registry.npmjs.org/@aws-cdk/aws-logs/-/aws-logs-1.115.0.tgz",
      "integrity": "sha512-gMktp1+IZ5hvaudmTm/RYSiwfEFsUlmmsGmzkuS+Fll+4nHkAexytqLworXTGqsIPpG2JxzdvOAK6YQUMcQI6Q==",
      "requires": {
        "@aws-cdk/aws-cloudwatch": "1.115.0",
        "@aws-cdk/aws-iam": "1.115.0",
        "@aws-cdk/aws-kms": "1.115.0",
        "@aws-cdk/aws-s3-assets": "1.115.0",
        "@aws-cdk/core": "1.115.0",
        "constructs": "^3.3.69"
      }
    },
    "@aws-cdk/aws-s3": {
      "version": "1.115.0",
      "resolved": "https://registry.npmjs.org/@aws-cdk/aws-s3/-/aws-s3-1.115.0.tgz",
      "integrity": "sha512-z+lKEhe14dkIBRdCMrtSMOruZezFWfAOrRxQ9eX4zxMhDmsjjlw5c1opLhUVSHldncCvOQg3Y9zlw2XIbLTXKw==",
      "requires": {
        "@aws-cdk/aws-events": "1.115.0",
        "@aws-cdk/aws-iam": "1.115.0",
        "@aws-cdk/aws-kms": "1.115.0",
        "@aws-cdk/core": "1.115.0",
        "@aws-cdk/cx-api": "1.115.0",
        "constructs": "^3.3.69"
      }
    },
    "@aws-cdk/aws-s3-assets": {
      "version": "1.115.0",
      "resolved": "https://registry.npmjs.org/@aws-cdk/aws-s3-assets/-/aws-s3-assets-1.115.0.tgz",
      "integrity": "sha512-ZD4gSm4TGzCpOZY4s6M+N0ZALDmDKNUoNGnEH7It76UuNtfyZy9gFvms8dOTHOE/mARUM1Ry0SLgs2PTdt7Pog==",
      "requires": {
        "@aws-cdk/assets": "1.115.0",
        "@aws-cdk/aws-iam": "1.115.0",
        "@aws-cdk/aws-kms": "1.115.0",
        "@aws-cdk/aws-s3": "1.115.0",
        "@aws-cdk/core": "1.115.0",
        "@aws-cdk/cx-api": "1.115.0",
        "constructs": "^3.3.69"
      }
    },
    "@aws-cdk/aws-s3-notifications": {
      "version": "1.115.0",
      "resolved": "https://registry.npmjs.org/@aws-cdk/aws-s3-notifications/-/aws-s3-notifications-1.115.0.tgz",
      "integrity": "sha512-B0RV85Hcpvo+bUfT2CI7R02eAwpI06zVEQ31aeZofVKnsjuTyp7xoKTAHMRIcXQTrwdD4Wd2h9jarrfAFHLPlQ==",
      "requires": {
        "@aws-cdk/aws-iam": "1.115.0",
        "@aws-cdk/aws-lambda": "1.115.0",
        "@aws-cdk/aws-s3": "1.115.0",
        "@aws-cdk/aws-sns": "1.115.0",
        "@aws-cdk/aws-sqs": "1.115.0",
        "@aws-cdk/core": "1.115.0",
        "constructs": "^3.3.69"
      }
    },
    "@aws-cdk/aws-signer": {
      "version": "1.115.0",
      "resolved": "https://registry.npmjs.org/@aws-cdk/aws-signer/-/aws-signer-1.115.0.tgz",
      "integrity": "sha512-xcdu7vFt+hFWyQueFsyR0Kyc+tHTfYhYEMegHo1LU+DWF3TRSbqK22CcYEhMmoKdcezhGu6WD97zjHCnik84TA==",
      "requires": {
        "@aws-cdk/core": "1.115.0",
        "constructs": "^3.3.69"
      }
    },
    "@aws-cdk/aws-sns": {
      "version": "1.115.0",
      "resolved": "https://registry.npmjs.org/@aws-cdk/aws-sns/-/aws-sns-1.115.0.tgz",
      "integrity": "sha512-bzGx0XafMsin3km6N+h4/JJYhkYPBNrkYzNZ+zMA3l+JlHMIKibEd6nDv+bYupGN7siogEGs4G7WaqUdEwp3Qw==",
      "requires": {
        "@aws-cdk/aws-cloudwatch": "1.115.0",
        "@aws-cdk/aws-codestarnotifications": "1.115.0",
        "@aws-cdk/aws-events": "1.115.0",
        "@aws-cdk/aws-iam": "1.115.0",
        "@aws-cdk/aws-kms": "1.115.0",
        "@aws-cdk/aws-sqs": "1.115.0",
        "@aws-cdk/core": "1.115.0",
        "constructs": "^3.3.69"
      }
    },
    "@aws-cdk/aws-sns-subscriptions": {
      "version": "1.115.0",
      "resolved": "https://registry.npmjs.org/@aws-cdk/aws-sns-subscriptions/-/aws-sns-subscriptions-1.115.0.tgz",
      "integrity": "sha512-YIYkOUiwN8QoyDZUWC3zpVOzLFkUvILnRPR3j5ghoNes4bhN85Q8IAZnp6rpFwKFe8WQz41S55f8kD18qMQJQA==",
      "requires": {
        "@aws-cdk/aws-iam": "1.115.0",
        "@aws-cdk/aws-kms": "1.115.0",
        "@aws-cdk/aws-lambda": "1.115.0",
        "@aws-cdk/aws-sns": "1.115.0",
        "@aws-cdk/aws-sqs": "1.115.0",
        "@aws-cdk/core": "1.115.0",
        "constructs": "^3.3.69"
      }
    },
    "@aws-cdk/aws-sqs": {
      "version": "1.115.0",
      "resolved": "https://registry.npmjs.org/@aws-cdk/aws-sqs/-/aws-sqs-1.115.0.tgz",
      "integrity": "sha512-DBNguuqOEMDjwpUp+g8qwbDNdeXRLGfazp++2AxGtdZYLMfovc3YWAAnWpAVAWFltoNS16D3NMKqY7rnknulmg==",
      "requires": {
        "@aws-cdk/aws-cloudwatch": "1.115.0",
        "@aws-cdk/aws-iam": "1.115.0",
        "@aws-cdk/aws-kms": "1.115.0",
        "@aws-cdk/core": "1.115.0",
        "constructs": "^3.3.69"
      }
    },
    "@aws-cdk/aws-ssm": {
      "version": "1.115.0",
      "resolved": "https://registry.npmjs.org/@aws-cdk/aws-ssm/-/aws-ssm-1.115.0.tgz",
      "integrity": "sha512-I8Z1kUQhHK0heMn8wMpkfQfodbmyER69vRLDYo+AlBbvF1ohS+pRA7s9lone3gTMyE956ax5EW1Qv5knVF9Z+A==",
      "requires": {
        "@aws-cdk/aws-iam": "1.115.0",
        "@aws-cdk/aws-kms": "1.115.0",
        "@aws-cdk/cloud-assembly-schema": "1.115.0",
        "@aws-cdk/core": "1.115.0",
        "constructs": "^3.3.69"
      }
    },
    "@aws-cdk/cloud-assembly-schema": {
      "version": "1.115.0",
      "resolved": "https://registry.npmjs.org/@aws-cdk/cloud-assembly-schema/-/cloud-assembly-schema-1.115.0.tgz",
      "integrity": "sha512-LgrUMdUUyQYfZR1zbDAnx4mYZQSSxNQYeQmBHPoXx7szxWAi9gN+4MajBBz9LrJNf0ZYRu1EQYVaaMa4ScHdXA==",
      "requires": {
        "jsonschema": "^1.4.0",
        "semver": "^7.3.5"
      },
      "dependencies": {
        "jsonschema": {
          "version": "1.4.0",
          "bundled": true
        },
        "lru-cache": {
          "version": "6.0.0",
          "bundled": true,
          "requires": {
            "yallist": "^4.0.0"
          }
        },
        "semver": {
          "version": "7.3.5",
          "bundled": true,
          "requires": {
            "lru-cache": "^6.0.0"
          }
        },
        "yallist": {
          "version": "4.0.0",
          "bundled": true
        }
      }
    },
    "@aws-cdk/core": {
      "version": "1.115.0",
      "resolved": "https://registry.npmjs.org/@aws-cdk/core/-/core-1.115.0.tgz",
      "integrity": "sha512-6agFP+WVqoUyhT2L3osOjrcWh39Ebqnghv/dAsneH5LZwml2vqZFvPDFTkUs9j/Oyv9KSrxO+ge3Ts23+3qgXw==",
      "requires": {
        "@aws-cdk/cloud-assembly-schema": "1.115.0",
        "@aws-cdk/cx-api": "1.115.0",
        "@aws-cdk/region-info": "1.115.0",
        "@balena/dockerignore": "^1.0.2",
        "constructs": "^3.3.69",
        "fs-extra": "^9.1.0",
        "ignore": "^5.1.8",
        "minimatch": "^3.0.4"
      },
      "dependencies": {
        "@balena/dockerignore": {
          "version": "1.0.2",
          "bundled": true
        },
        "at-least-node": {
          "version": "1.0.0",
          "bundled": true
        },
        "balanced-match": {
          "version": "1.0.2",
          "bundled": true
        },
        "brace-expansion": {
          "version": "1.1.11",
          "bundled": true,
          "requires": {
            "balanced-match": "^1.0.0",
            "concat-map": "0.0.1"
          }
        },
        "concat-map": {
          "version": "0.0.1",
          "bundled": true
        },
        "fs-extra": {
          "version": "9.1.0",
          "bundled": true,
          "requires": {
            "at-least-node": "^1.0.0",
            "graceful-fs": "^4.2.0",
            "jsonfile": "^6.0.1",
            "universalify": "^2.0.0"
          }
        },
        "graceful-fs": {
          "version": "4.2.6",
          "bundled": true
        },
        "ignore": {
          "version": "5.1.8",
          "bundled": true
        },
        "jsonfile": {
          "version": "6.1.0",
          "bundled": true,
          "requires": {
            "graceful-fs": "^4.1.6",
            "universalify": "^2.0.0"
          }
        },
        "minimatch": {
          "version": "3.0.4",
          "bundled": true,
          "requires": {
            "brace-expansion": "^1.1.7"
          }
        },
        "universalify": {
          "version": "2.0.0",
          "bundled": true
        }
      }
    },
    "@aws-cdk/cx-api": {
      "version": "1.115.0",
      "resolved": "https://registry.npmjs.org/@aws-cdk/cx-api/-/cx-api-1.115.0.tgz",
      "integrity": "sha512-yXk5szvv9B9PtDZRWAl+yBkxmGg22FFwhJ/YEJcGvvZW6YkWhAaaVKlnJCq5jdIN+wobN+PVN1Tyc/JIcOTzjQ==",
      "requires": {
        "@aws-cdk/cloud-assembly-schema": "1.115.0",
        "semver": "^7.3.5"
      },
      "dependencies": {
        "lru-cache": {
          "version": "6.0.0",
          "bundled": true,
          "requires": {
            "yallist": "^4.0.0"
          }
        },
        "semver": {
          "version": "7.3.5",
          "bundled": true,
          "requires": {
            "lru-cache": "^6.0.0"
          }
        },
        "yallist": {
          "version": "4.0.0",
          "bundled": true
        }
      }
    },
    "@aws-cdk/region-info": {
      "version": "1.115.0",
      "resolved": "https://registry.npmjs.org/@aws-cdk/region-info/-/region-info-1.115.0.tgz",
      "integrity": "sha512-07Ae/T71wdTYvbii/+J0n4PghD/W8bsutkrpBMgIg/Rl2rfv5ZqZRvCpQ40MkoscS1SnWYSzJ6T79TnNuuJZ1w=="
    },
    "@types/node": {
      "version": "10.17.5",
      "resolved": "https://registry.npmjs.org/@types/node/-/node-10.17.5.tgz",
      "integrity": "sha512-RElZIr/7JreF1eY6oD5RF3kpmdcreuQPjg5ri4oQ5g9sq7YWU8HkfB3eH8GwAwxf5OaCh0VPi7r4N/yoTGelrA==",
      "dev": true
    },
    "arg": {
      "version": "4.1.3",
      "resolved": "https://registry.npmjs.org/arg/-/arg-4.1.3.tgz",
      "integrity": "sha512-58S9QDqG0Xx27YwPSt9fJxivjYl432YCwfDMfZ+71RAqUrZef7LrKQZ3LHLOwCS4FLNBplP533Zx895SeOCHvA==",
      "dev": true
    },
    "aws-cdk": {
      "version": "1.176.0",
      "resolved": "https://registry.npmjs.org/aws-cdk/-/aws-cdk-1.176.0.tgz",
      "integrity": "sha512-WZtKZABRpgh20ysVdBxyNNGCc3Ul6W2Kj495U4z34oG+0Oihu8hvXTh6D97I/oPt1rUS/oRmZqL0uHL+lzOxMg==",
      "dev": true,
      "requires": {
        "fsevents": "2.3.2"
      }
    },
    "buffer-from": {
      "version": "1.1.1",
      "resolved": "https://registry.npmjs.org/buffer-from/-/buffer-from-1.1.1.tgz",
      "integrity": "sha512-MQcXEUbCKtEo7bhqEs6560Hyd4XaovZlO/k9V3hjVUF/zwW7KBVdSK4gIt/bzwS9MbR5qob+F5jusZsb0YQK2A=="
    },
    "constructs": {
      "version": "3.3.106",
      "resolved": "https://registry.npmjs.org/constructs/-/constructs-3.3.106.tgz",
      "integrity": "sha512-QJCbOQRS5UcCcM/e73L1bxNG7eeV70uOzwML5ffoAMhvlgsNYyeI8VleEcsbG0u1TTspMM+lIwD2NYud9NVq7A=="
    },
    "diff": {
      "version": "4.0.2",
      "resolved": "https://registry.npmjs.org/diff/-/diff-4.0.2.tgz",
      "integrity": "sha512-58lmxKSA4BNyLz+HHMUzlOEpg09FV+ev6ZMe3vJihgdxzgcwZ8VoEEPmALCZG9LmqfVoNMMKpttIYTVG6uDY7A==",
      "dev": true
    },
    "fsevents": {
      "version": "2.3.2",
      "resolved": "https://registry.npmjs.org/fsevents/-/fsevents-2.3.2.tgz",
      "integrity": "sha512-xiqMQR4xAeHTuB9uWm+fFRcIOgKBMiOBP+eXiyT7jsgVCq1bkVygt00oASowB7EdtpOHaaPgKt812P9ab+DDKA==",
      "dev": true,
      "optional": true
    },
    "make-error": {
      "version": "1.3.6",
      "resolved": "https://registry.npmjs.org/make-error/-/make-error-1.3.6.tgz",
      "integrity": "sha512-s8UhlNe7vPKomQhC1qFelMokr/Sc3AgNbso3n74mVPA5LTZwkB9NlXf4XPamLxJE8h0gh73rM94xvwRT2CVInw==",
      "dev": true
    },
    "source-map": {
      "version": "0.6.1",
      "resolved": "https://registry.npmjs.org/source-map/-/source-map-0.6.1.tgz",
      "integrity": "sha512-UjgapumWlbMhkBgzT7Ykc5YXUT46F0iKu8SGXq0bcwP5dz/h0Plj6enJqjz1Zbq2l5WaqYnrVbwWOWMyF3F47g=="
    },
    "source-map-support": {
      "version": "0.5.19",
      "resolved": "https://registry.npmjs.org/source-map-support/-/source-map-support-0.5.19.tgz",
      "integrity": "sha512-Wonm7zOCIJzBGQdB+thsPar0kYuCIzYvxZwlBa87yi/Mdjv7Tip2cyVbLj5o0cFPN4EVkuTwb3GDDyUx2DGnGw==",
      "requires": {
        "buffer-from": "^1.0.0",
        "source-map": "^0.6.0"
      }
    },
    "ts-node": {
      "version": "8.10.2",
      "resolved": "https://registry.npmjs.org/ts-node/-/ts-node-8.10.2.tgz",
      "integrity": "sha512-ISJJGgkIpDdBhWVu3jufsWpK3Rzo7bdiIXJjQc0ynKxVOVcg2oIrf2H2cejminGrptVc6q6/uynAHNCuWGbpVA==",
      "dev": true,
      "requires": {
        "arg": "^4.1.0",
        "diff": "^4.0.1",
        "make-error": "^1.1.1",
        "source-map-support": "^0.5.17",
        "yn": "3.1.1"
      }
    },
    "typescript": {
      "version": "3.9.10",
      "resolved": "https://registry.npmjs.org/typescript/-/typescript-3.9.10.tgz",
      "integrity": "sha512-w6fIxVE/H1PkLKcCPsFqKE7Kv7QUwhU8qQY2MueZXWx5cPZdwFupLgKK3vntcK98BtNHZtAF4LA/yl2a7k8R6Q==",
      "dev": true
    },
    "yn": {
      "version": "3.1.1",
      "resolved": "https://registry.npmjs.org/yn/-/yn-3.1.1.tgz",
      "integrity": "sha512-Ux4ygGWsu2c7isFWe8Yu1YluJmqVhxqK2cLXNQA5AcC3QfbGNpM7fu0Y8b/z16pXLnFxZYvWhd3fhBY9DLmC6Q==",
      "dev": true
    }
  }
}
